// !$*UTF8*$!
{
	archiveVersion = 1;
	classes = {
	};
	objectVersion = 48;
	objects = {

/* Begin PBXBuildFile section */
		C972B1C01FCE119F00BF6465 /* AppDelegate.swift in Sources */ = {isa = PBXBuildFile; fileRef = C972B1BF1FCE119F00BF6465 /* AppDelegate.swift */; };
		C972B1C21FCE119F00BF6465 /* ViewController.swift in Sources */ = {isa = PBXBuildFile; fileRef = C972B1C11FCE119F00BF6465 /* ViewController.swift */; };
		C972B1C51FCE119F00BF6465 /* Main.storyboard in Resources */ = {isa = PBXBuildFile; fileRef = C972B1C31FCE119F00BF6465 /* Main.storyboard */; };
		C972B1C71FCE119F00BF6465 /* Assets.xcassets in Resources */ = {isa = PBXBuildFile; fileRef = C972B1C61FCE119F00BF6465 /* Assets.xcassets */; };
		C972B1CA1FCE119F00BF6465 /* LaunchScreen.storyboard in Resources */ = {isa = PBXBuildFile; fileRef = C972B1C81FCE119F00BF6465 /* LaunchScreen.storyboard */; };
/* End PBXBuildFile section */

/* Begin PBXFileReference section */
		C972B1BC1FCE119F00BF6465 /* Package Tracking.app */ = {isa = PBXFileReference; explicitFileType = wrapper.application; includeInIndex = 0; path = "Package Tracking.app"; sourceTree = BUILT_PRODUCTS_DIR; };
		C972B1BF1FCE119F00BF6465 /* AppDelegate.swift */ = {isa = PBXFileReference; lastKnownFileType = sourcecode.swift; path = AppDelegate.swift; sourceTree = "<group>"; };
		C972B1C11FCE119F00BF6465 /* ViewController.swift */ = {isa = PBXFileReference; lastKnownFileType = sourcecode.swift; path = ViewController.swift; sourceTree = "<group>"; };
		C972B1C41FCE119F00BF6465 /* Base */ = {isa = PBXFileReference; lastKnownFileType = file.storyboard; name = Base; path = Base.lproj/Main.storyboard; sourceTree = "<group>"; };
		C972B1C61FCE119F00BF6465 /* Assets.xcassets */ = {isa = PBXFileReference; lastKnownFileType = folder.assetcatalog; path = Assets.xcassets; sourceTree = "<group>"; };
		C972B1C91FCE119F00BF6465 /* Base */ = {isa = PBXFileReference; lastKnownFileType = file.storyboard; name = Base; path = Base.lproj/LaunchScreen.storyboard; sourceTree = "<group>"; };
		C972B1CB1FCE119F00BF6465 /* Info.plist */ = {isa = PBXFileReference; lastKnownFileType = text.plist.xml; path = Info.plist; sourceTree = "<group>"; };
/* End PBXFileReference section */

/* Begin PBXFrameworksBuildPhase section */
		C972B1B91FCE119F00BF6465 /* Frameworks */ = {
			isa = PBXFrameworksBuildPhase;
			buildActionMask = 2147483647;
			files = (
			);
			runOnlyForDeploymentPostprocessing = 0;
		};
/* End PBXFrameworksBuildPhase section */

/* Begin PBXGroup section */
		C972B1B31FCE119F00BF6465 = {
			isa = PBXGroup;
			children = (
				C972B1BE1FCE119F00BF6465 /* Package Tracking */,
				C972B1BD1FCE119F00BF6465 /* Products */,
			);
			sourceTree = "<group>";
		};
		C972B1BD1FCE119F00BF6465 /* Products */ = {
			isa = PBXGroup;
			children = (
				C972B1BC1FCE119F00BF6465 /* Package Tracking.app */,
			);
			name = Products;
			sourceTree = "<group>";
		};
		C972B1BE1FCE119F00BF6465 /* Package Tracking */ = {
			isa = PBXGroup;
			children = (
				C972B1BF1FCE119F00BF6465 /* AppDelegate.swift */,
				C972B1C11FCE119F00BF6465 /* ViewController.swift */,
				C972B1C31FCE119F00BF6465 /* Main.storyboard */,
				C972B1C61FCE119F00BF6465 /* Assets.xcassets */,
				C972B1C81FCE119F00BF6465 /* LaunchScreen.storyboard */,
				C972B1CB1FCE119F00BF6465 /* Info.plist */,
			);
			path = "Package Tracking";
			sourceTree = "<group>";
		};
/* End PBXGroup section */

/* Begin PBXNativeTarget section */
		C972B1BB1FCE119F00BF6465 /* Package Tracking */ = {
			isa = PBXNativeTarget;
			buildConfigurationList = C972B1CE1FCE119F00BF6465 /* Build configuration list for PBXNativeTarget "Package Tracking" */;
			buildPhases = (
				C972B1B81FCE119F00BF6465 /* Sources */,
				C972B1B91FCE119F00BF6465 /* Frameworks */,
				C972B1BA1FCE119F00BF6465 /* Resources */,
			);
			buildRules = (
			);
			dependencies = (
			);
			name = "Package Tracking";
			productName = "Package Tracking";
			productReference = C972B1BC1FCE119F00BF6465 /* Package Tracking.app */;
			productType = "com.apple.product-type.application";
		};
/* End PBXNativeTarget section */

/* Begin PBXProject section */
		C972B1B41FCE119F00BF6465 /* Project object */ = {
			isa = PBXProject;
			attributes = {
				LastSwiftUpdateCheck = 0910;
				LastUpgradeCheck = 0910;
				ORGANIZATIONNAME = "Matt Giovanniello";
				TargetAttributes = {
					C972B1BB1FCE119F00BF6465 = {
						CreatedOnToolsVersion = 9.1;
						ProvisioningStyle = Automatic;
					};
				};
			};
			buildConfigurationList = C972B1B71FCE119F00BF6465 /* Build configuration list for PBXProject "Package Tracking" */;
			compatibilityVersion = "Xcode 8.0";
			developmentRegion = en;
			hasScannedForEncodings = 0;
			knownRegions = (
				en,
				Base,
			);
			mainGroup = C972B1B31FCE119F00BF6465;
			productRefGroup = C972B1BD1FCE119F00BF6465 /* Products */;
			projectDirPath = "";
			projectRoot = "";
			targets = (
				C972B1BB1FCE119F00BF6465 /* Package Tracking */,
			);
		};
/* End PBXProject section */

/* Begin PBXResourcesBuildPhase section */
		C972B1BA1FCE119F00BF6465 /* Resources */ = {
			isa = PBXResourcesBuildPhase;
			buildActionMask = 2147483647;
			files = (
				C972B1CA1FCE119F00BF6465 /* LaunchScreen.storyboard in Resources */,
				C972B1C71FCE119F00BF6465 /* Assets.xcassets in Resources */,
				C972B1C51FCE119F00BF6465 /* Main.storyboard in Resources */,
			);
			runOnlyForDeploymentPostprocessing = 0;
		};
/* End PBXResourcesBuildPhase section */

/* Begin PBXSourcesBuildPhase section */
		C972B1B81FCE119F00BF6465 /* Sources */ = {
			isa = PBXSourcesBuildPhase;
			buildActionMask = 2147483647;
			files = (
				C972B1C21FCE119F00BF6465 /* ViewController.swift in Sources */,
				C972B1C01FCE119F00BF6465 /* AppDelegate.swift in Sources */,
			);
			runOnlyForDeploymentPostprocessing = 0;
		};
/* End PBXSourcesBuildPhase section */

/* Begin PBXVariantGroup section */
		C972B1C31FCE119F00BF6465 /* Main.storyboard */ = {
			isa = PBXVariantGroup;
			children = (
				C972B1C41FCE119F00BF6465 /* Base */,
			);
			name = Main.storyboard;
			sourceTree = "<group>";
		};
		C972B1C81FCE119F00BF6465 /* LaunchScreen.storyboard */ = {
			isa = PBXVariantGroup;
			children = (
				C972B1C91FCE119F00BF6465 /* Base */,
			);
			name = LaunchScreen.storyboard;
			sourceTree = "<group>";
		};
/* End PBXVariantGroup section */

/* Begin XCBuildConfiguration section */
		C972B1CC1FCE119F00BF6465 /* Debug */ = {
			isa = XCBuildConfiguration;
			buildSettings = {
				ALWAYS_SEARCH_USER_PATHS = NO;
				CLANG_ANALYZER_NONNULL = YES;
				CLANG_ANALYZER_NUMBER_OBJECT_CONVERSION = YES_AGGRESSIVE;
				CLANG_CXX_LANGUAGE_STANDARD = "gnu++14";
				CLANG_CXX_LIBRARY = "libc++";
				CLANG_ENABLE_MODULES = YES;
				CLANG_ENABLE_OBJC_ARC = YES;
				CLANG_WARN_BLOCK_CAPTURE_AUTORELEASING = YES;
				CLANG_WARN_BOOL_CONVERSION = YES;
				CLANG_WARN_COMMA = YES;
				CLANG_WARN_CONSTANT_CONVERSION = YES;
				CLANG_WARN_DIRECT_OBJC_ISA_USAGE = YES_ERROR;
				CLANG_WARN_DOCUMENTATION_COMMENTS = YES;
				CLANG_WARN_EMPTY_BODY = YES;
				CLANG_WARN_ENUM_CONVERSION = YES;
				CLANG_WARN_INFINITE_RECURSION = YES;
				CLANG_WARN_INT_CONVERSION = YES;
				CLANG_WARN_NON_LITERAL_NULL_CONVERSION = YES;
				CLANG_WARN_OBJC_LITERAL_CONVERSION = YES;
				CLANG_WARN_OBJC_ROOT_CLASS = YES_ERROR;
				CLANG_WARN_RANGE_LOOP_ANALYSIS = YES;
				CLANG_WARN_STRICT_PROTOTYPES = YES;
				CLANG_WARN_SUSPICIOUS_MOVE = YES;
				CLANG_WARN_UNGUARDED_AVAILABILITY = YES_AGGRESSIVE;
				CLANG_WARN_UNREACHABLE_CODE = YES;
				CLANG_WARN__DUPLICATE_METHOD_MATCH = YES;
				CODE_SIGN_IDENTITY = "iPhone Developer";
				COPY_PHASE_STRIP = NO;
				DEBUG_INFORMATION_FORMAT = dwarf;
				ENABLE_STRICT_OBJC_MSGSEND = YES;
				ENABLE_TESTABILITY = YES;
				GCC_C_LANGUAGE_STANDARD = gnu11;
				GCC_DYNAMIC_NO_PIC = NO;
				GCC_NO_COMMON_BLOCKS = YES;
				GCC_OPTIMIZATION_LEVEL = 0;
				GCC_PREPROCESSOR_DEFINITIONS = (
					"DEBUG=1",
					"$(inherited)",
				);
				GCC_WARN_64_TO_32_BIT_CONVERSION = YES;
				GCC_WARN_ABOUT_RETURN_TYPE = YES_ERROR;
				GCC_WARN_UNDECLARED_SELECTOR = YES;
				GCC_WARN_UNINITIALIZED_AUTOS = YES_AGGRESSIVE;
				GCC_WARN_UNUSED_FUNCTION = YES;
				GCC_WARN_UNUSED_VARIABLE = YES;
				IPHONEOS_DEPLOYMENT_TARGET = 11.1;
				MTL_ENABLE_DEBUG_INFO = YES;
				ONLY_ACTIVE_ARCH = YES;
				SDKROOT = iphoneos;
				SWIFT_ACTIVE_COMPILATION_CONDITIONS = DEBUG;
				SWIFT_OPTIMIZATION_LEVEL = "-Onone";
			};
			name = Debug;
		};
		C972B1CD1FCE119F00BF6465 /* Release */ = {
			isa = XCBuildConfiguration;
			buildSettings = {
				ALWAYS_SEARCH_USER_PATHS = NO;
				CLANG_ANALYZER_NONNULL = YES;
				CLANG_ANALYZER_NUMBER_OBJECT_CONVERSION = YES_AGGRESSIVE;
				CLANG_CXX_LANGUAGE_STANDARD = "gnu++14";
				CLANG_CXX_LIBRARY = "libc++";
				CLANG_ENABLE_MODULES = YES;
				CLANG_ENABLE_OBJC_ARC = YES;
				CLANG_WARN_BLOCK_CAPTURE_AUTORELEASING = YES;
				CLANG_WARN_BOOL_CONVERSION = YES;
				CLANG_WARN_COMMA = YES;
				CLANG_WARN_CONSTANT_CONVERSION = YES;
				CLANG_WARN_DIRECT_OBJC_ISA_USAGE = YES_ERROR;
				CLANG_WARN_DOCUMENTATION_COMMENTS = YES;
				CLANG_WARN_EMPTY_BODY = YES;
				CLANG_WARN_ENUM_CONVERSION = YES;
				CLANG_WARN_INFINITE_RECURSION = YES;
				CLANG_WARN_INT_CONVERSION = YES;
				CLANG_WARN_NON_LITERAL_NULL_CONVERSION = YES;
				CLANG_WARN_OBJC_LITERAL_CONVERSION = YES;
				CLANG_WARN_OBJC_ROOT_CLASS = YES_ERROR;
				CLANG_WARN_RANGE_LOOP_ANALYSIS = YES;
				CLANG_WARN_STRICT_PROTOTYPES = YES;
				CLANG_WARN_SUSPICIOUS_MOVE = YES;
				CLANG_WARN_UNGUARDED_AVAILABILITY = YES_AGGRESSIVE;
				CLANG_WARN_UNREACHABLE_CODE = YES;
				CLANG_WARN__DUPLICATE_METHOD_MATCH = YES;
				CODE_SIGN_IDENTITY = "iPhone Developer";
				COPY_PHASE_STRIP = NO;
				DEBUG_INFORMATION_FORMAT = "dwarf-with-dsym";
				ENABLE_NS_ASSERTIONS = NO;
				ENABLE_STRICT_OBJC_MSGSEND = YES;
				GCC_C_LANGUAGE_STANDARD = gnu11;
				GCC_NO_COMMON_BLOCKS = YES;
				GCC_WARN_64_TO_32_BIT_CONVERSION = YES;
				GCC_WARN_ABOUT_RETURN_TYPE = YES_ERROR;
				GCC_WARN_UNDECLARED_SELECTOR = YES;
				GCC_WARN_UNINITIALIZED_AUTOS = YES_AGGRESSIVE;
				GCC_WARN_UNUSED_FUNCTION = YES;
				GCC_WARN_UNUSED_VARIABLE = YES;
				IPHONEOS_DEPLOYMENT_TARGET = 11.1;
				MTL_ENABLE_DEBUG_INFO = NO;
				SDKROOT = iphoneos;
				SWIFT_OPTIMIZATION_LEVEL = "-Owholemodule";
				VALIDATE_PRODUCT = YES;
			};
			name = Release;
		};
		C972B1CF1FCE119F00BF6465 /* Debug */ = {
			isa = XCBuildConfiguration;
			buildSettings = {
				ASSETCATALOG_COMPILER_APPICON_NAME = AppIcon;
				CODE_SIGN_STYLE = Automatic;
				DEVELOPMENT_TEAM = 93QZ2CL7VF;
				INFOPLIST_FILE = "Package Tracking/Info.plist";
				LD_RUNPATH_SEARCH_PATHS = "$(inherited) @executable_path/Frameworks";
				PRODUCT_BUNDLE_IDENTIFIER = "com.giovanniello.Package-Tracking";
				PRODUCT_NAME = "$(TARGET_NAME)";
				SWIFT_VERSION = 4.0;
				TARGETED_DEVICE_FAMILY = "1,2";
			};
			name = Debug;
		};
		C972B1D01FCE119F00BF6465 /* Release */ = {
			isa = XCBuildConfiguration;
			buildSettings = {
				ASSETCATALOG_COMPILER_APPICON_NAME = AppIcon;
				CODE_SIGN_STYLE = Automatic;
				DEVELOPMENT_TEAM = 93QZ2CL7VF;
				INFOPLIST_FILE = "Package Tracking/Info.plist";
				LD_RUNPATH_SEARCH_PATHS = "$(inherited) @executable_path/Frameworks";
				PRODUCT_BUNDLE_IDENTIFIER = "com.giovanniello.Package-Tracking";
				PRODUCT_NAME = "$(TARGET_NAME)";
				SWIFT_VERSION = 4.0;
				TARGETED_DEVICE_FAMILY = "1,2";
			};
			name = Release;
		};
/* End XCBuildConfiguration section */

/* Begin XCConfigurationList section */
		C972B1B71FCE119F00BF6465 /* Build configuration list for PBXProject "Package Tracking" */ = {
			isa = XCConfigurationList;
			buildConfigurations = (
				C972B1CC1FCE119F00BF6465 /* Debug */,
				C972B1CD1FCE119F00BF6465 /* Release */,
			);
			defaultConfigurationIsVisible = 0;
			defaultConfigurationName = Release;
		};
		C972B1CE1FCE119F00BF6465 /* Build configuration list for PBXNativeTarget "Package Tracking" */ = {
			isa = XCConfigurationList;
			buildConfigurations = (
				C972B1CF1FCE119F00BF6465 /* Debug */,
				C972B1D01FCE119F00BF6465 /* Release */,
			);
			defaultConfigurationIsVisible = 0;
			defaultConfigurationName = Release;
		};
/* End XCConfigurationList section */
	};
	rootObject = C972B1B41FCE119F00BF6465 /* Project object */;
}
